
Microsoft Visual Studio Solution File, Format Version 12.00
# Visual Studio Version 16
VisualStudioVersion = 16.0.31624.102
MinimumVisualStudioVersion = 10.0.40219.1
Project("{8BC9CEB8-8B4A-11D0-8D11-00A0C91BC942}") = "Latihan 1A", "Latihan 1A\Latihan 1A.vcxproj", "{A832C6BE-10AB-4F4A-B5BB-9180683ADAF7}"
EndProject
Global
	GlobalSection(SolutionConfigurationPlatforms) = preSolution
		Debug|x64 = Debug|x64
		Debug|x86 = Debug|x86
		Release|x64 = Release|x64
		Release|x86 = Release|x86
	EndGlobalSection
	GlobalSection(ProjectConfigurationPlatforms) = postSolution
		{A832C6BE-10AB-4F4A-B5BB-9180683ADAF7}.Debug|x64.ActiveCfg = Debug|x64
		{A832C6BE-10AB-4F4A-B5BB-9180683ADAF7}.Debug|x64.Build.0 = Debug|x64
		{A832C6BE-10AB-4F4A-B5BB-9180683ADAF7}.Debug|x86.ActiveCfg = Debug|Win32
		{A832C6BE-10AB-4F4A-B5BB-9180683ADAF7}.Debug|x86.Build.0 = Debug|Win32
		{A832C6BE-10AB-4F4A-B5BB-9180683ADAF7}.Release|x64.ActiveCfg = Release|x64
		{A832C6BE-10AB-4F4A-B5BB-9180683ADAF7}.Release|x64.Build.0 = Release|x64
		{A832C6BE-10AB-4F4A-B5BB-9180683ADAF7}.Release|x86.ActiveCfg = Release|Win32
		{A832C6BE-10AB-4F4A-B5BB-9180683ADAF7}.Release|x86.Build.0 = Release|Win32
	EndGlobalSection
	GlobalSection(SolutionProperties) = preSolution
		HideSolutionNode = FALSE
	EndGlobalSection
	GlobalSection(ExtensibilityGlobals) = postSolution
		SolutionGuid = {3155BF6E-3265-48D1-AB64-465E2728361B}
	EndGlobalSection
EndGlobal
